// !$*UTF8*$!
{
	archiveVersion = 1;
	classes = {
	};
	objectVersion = 56;
	objects = {

/* Begin PBXBuildFile section */
		D406A3A72A82BC320044D13D /* AppDelegate.swift in Sources */ = {isa = PBXBuildFile; fileRef = D406A3A62A82BC320044D13D /* AppDelegate.swift */; };
		D406A3A92A82BC320044D13D /* SceneDelegate.swift in Sources */ = {isa = PBXBuildFile; fileRef = D406A3A82A82BC320044D13D /* SceneDelegate.swift */; };
		D406A3B02A82BC320044D13D /* Assets.xcassets in Resources */ = {isa = PBXBuildFile; fileRef = D406A3AF2A82BC320044D13D /* Assets.xcassets */; };
		D406A3B32A82BC320044D13D /* LaunchScreen.storyboard in Resources */ = {isa = PBXBuildFile; fileRef = D406A3B12A82BC320044D13D /* LaunchScreen.storyboard */; };
		D406A3BD2A82C2610044D13D /* LoginViewController.swift in Sources */ = {isa = PBXBuildFile; fileRef = D406A3BC2A82C2610044D13D /* LoginViewController.swift */; };
		D406A3C12A82C7890044D13D /* UIColor+.swift in Sources */ = {isa = PBXBuildFile; fileRef = D406A3C02A82C7890044D13D /* UIColor+.swift */; };
		D406A3C32A82C7A90044D13D /* Color.swift in Sources */ = {isa = PBXBuildFile; fileRef = D406A3C22A82C7A90044D13D /* Color.swift */; };
		D406A3C62A82F3AB0044D13D /* ViewCode.swift in Sources */ = {isa = PBXBuildFile; fileRef = D406A3C52A82F3AB0044D13D /* ViewCode.swift */; };
		D406A3C82A82F4940044D13D /* View+.swift in Sources */ = {isa = PBXBuildFile; fileRef = D406A3C72A82F4940044D13D /* View+.swift */; };
		D406A3CB2A82F6920044D13D /* PrimaryTextField.swift in Sources */ = {isa = PBXBuildFile; fileRef = D406A3CA2A82F6920044D13D /* PrimaryTextField.swift */; };
		D406A3CD2A82FD8D0044D13D /* PrimaryButton.swift in Sources */ = {isa = PBXBuildFile; fileRef = D406A3CC2A82FD8D0044D13D /* PrimaryButton.swift */; };
		D406A3CF2A8304CC0044D13D /* TextButton.swift in Sources */ = {isa = PBXBuildFile; fileRef = D406A3CE2A8304CC0044D13D /* TextButton.swift */; };
		D422A08E2A8D527E00CFE3C5 /* SettingsViewController.swift in Sources */ = {isa = PBXBuildFile; fileRef = D422A08D2A8D527E00CFE3C5 /* SettingsViewController.swift */; };
		D422A0942A8D66BC00CFE3C5 /* LogUtils.swift in Sources */ = {isa = PBXBuildFile; fileRef = D422A0932A8D66BC00CFE3C5 /* LogUtils.swift */; };
		D422A0962A8E6CBB00CFE3C5 /* SettingsPresenter.swift in Sources */ = {isa = PBXBuildFile; fileRef = D422A0952A8E6CBB00CFE3C5 /* SettingsPresenter.swift */; };
		D422A0982A8E6E7800CFE3C5 /* SettingsCoordinator.swift in Sources */ = {isa = PBXBuildFile; fileRef = D422A0972A8E6E7800CFE3C5 /* SettingsCoordinator.swift */; };
		D422A09A2A8E6F5500CFE3C5 /* SettingsFactory.swift in Sources */ = {isa = PBXBuildFile; fileRef = D422A0992A8E6F5500CFE3C5 /* SettingsFactory.swift */; };
		D422A09D2A8EA2AA00CFE3C5 /* AuthenticationStateManager.swift in Sources */ = {isa = PBXBuildFile; fileRef = D422A09C2A8EA2AA00CFE3C5 /* AuthenticationStateManager.swift */; };
		D422A0A02A8EA42500CFE3C5 /* AutenticationClient.swift in Sources */ = {isa = PBXBuildFile; fileRef = D422A09F2A8EA42500CFE3C5 /* AutenticationClient.swift */; };
		D422A0A22A8EAA6E00CFE3C5 /* AuthModel.swift in Sources */ = {isa = PBXBuildFile; fileRef = D422A0A12A8EAA6E00CFE3C5 /* AuthModel.swift */; };
		D422A0A82A8EAC9400CFE3C5 /* FirebaseAuthenticationAdapter.swift in Sources */ = {isa = PBXBuildFile; fileRef = D422A0A72A8EAC9400CFE3C5 /* FirebaseAuthenticationAdapter.swift */; };
		D422A0AA2A8EB01900CFE3C5 /* AuthResponse.swift in Sources */ = {isa = PBXBuildFile; fileRef = D422A0A92A8EB01900CFE3C5 /* AuthResponse.swift */; };
		D422A0AC2A8EB08000CFE3C5 /* AuthenticationError.swift in Sources */ = {isa = PBXBuildFile; fileRef = D422A0AB2A8EB08000CFE3C5 /* AuthenticationError.swift */; };
		D422A0AE2A8EB4B800CFE3C5 /* SignUpBusiness.swift in Sources */ = {isa = PBXBuildFile; fileRef = D422A0AD2A8EB4B800CFE3C5 /* SignUpBusiness.swift */; };
		D422A0BD2A8EBCF000CFE3C5 /* SignUpError.swift in Sources */ = {isa = PBXBuildFile; fileRef = D422A0BC2A8EBCF000CFE3C5 /* SignUpError.swift */; };
		D422A0BF2A8EBEB100CFE3C5 /* AuthListenerHandler.swift in Sources */ = {isa = PBXBuildFile; fileRef = D422A0BE2A8EBEB100CFE3C5 /* AuthListenerHandler.swift */; };
		D422A0C12A8EBEC100CFE3C5 /* FirebaseAuthListenerHandler.swift in Sources */ = {isa = PBXBuildFile; fileRef = D422A0C02A8EBEC100CFE3C5 /* FirebaseAuthListenerHandler.swift */; };
		D422A0C32A8EC00200CFE3C5 /* UserAuthClient.swift in Sources */ = {isa = PBXBuildFile; fileRef = D422A0C22A8EC00200CFE3C5 /* UserAuthClient.swift */; };
		D422A0C52A8EC5AB00CFE3C5 /* MainTabBarFactory.swift in Sources */ = {isa = PBXBuildFile; fileRef = D422A0C42A8EC5AB00CFE3C5 /* MainTabBarFactory.swift */; };
		D422A0C92A8EFDD800CFE3C5 /* FirebaseFirestoreAdapter.swift in Sources */ = {isa = PBXBuildFile; fileRef = D422A0C82A8EFDD800CFE3C5 /* FirebaseFirestoreAdapter.swift */; };
		D422A0CB2A8F009D00CFE3C5 /* Data+.swift in Sources */ = {isa = PBXBuildFile; fileRef = D422A0CA2A8F009D00CFE3C5 /* Data+.swift */; };
		D422A0CD2A8F036700CFE3C5 /* DatabaseQuery.swift in Sources */ = {isa = PBXBuildFile; fileRef = D422A0CC2A8F036700CFE3C5 /* DatabaseQuery.swift */; };
		D422A0CF2A8F03C700CFE3C5 /* UserService.swift in Sources */ = {isa = PBXBuildFile; fileRef = D422A0CE2A8F03C700CFE3C5 /* UserService.swift */; };
		D422A0D12A8F042100CFE3C5 /* DatabaseClientError.swift in Sources */ = {isa = PBXBuildFile; fileRef = D422A0D02A8F042100CFE3C5 /* DatabaseClientError.swift */; };
		D422A0D32A8F04B700CFE3C5 /* UserModel.swift in Sources */ = {isa = PBXBuildFile; fileRef = D422A0D22A8F04B700CFE3C5 /* UserModel.swift */; };
		D422A0D52A8F04E200CFE3C5 /* UserServiceError.swift in Sources */ = {isa = PBXBuildFile; fileRef = D422A0D42A8F04E200CFE3C5 /* UserServiceError.swift */; };
		D422A0D72A8F05CA00CFE3C5 /* Model.swift in Sources */ = {isa = PBXBuildFile; fileRef = D422A0D62A8F05CA00CFE3C5 /* Model.swift */; };
		D422A0DA2A8FB5CA00CFE3C5 /* HeaderInfoView.swift in Sources */ = {isa = PBXBuildFile; fileRef = D422A0D92A8FB5CA00CFE3C5 /* HeaderInfoView.swift */; };
		D422A0DC2A8FBFFA00CFE3C5 /* LinesTextView.swift in Sources */ = {isa = PBXBuildFile; fileRef = D422A0DB2A8FBFFA00CFE3C5 /* LinesTextView.swift */; };
		D422A0DF2A904AF900CFE3C5 /* ImagePickerManager.swift in Sources */ = {isa = PBXBuildFile; fileRef = D422A0DE2A904AF900CFE3C5 /* ImagePickerManager.swift */; };
		D422A0E32A915A5A00CFE3C5 /* UserSession.swift in Sources */ = {isa = PBXBuildFile; fileRef = D422A0E22A915A5A00CFE3C5 /* UserSession.swift */; };
		D422A0E52A916A2300CFE3C5 /* FirebaseStorageAdapter.swift in Sources */ = {isa = PBXBuildFile; fileRef = D422A0E42A916A2300CFE3C5 /* FirebaseStorageAdapter.swift */; };
		D422A0E82A91720F00CFE3C5 /* ProfilePictureService.swift in Sources */ = {isa = PBXBuildFile; fileRef = D422A0E72A91720F00CFE3C5 /* ProfilePictureService.swift */; };
		D46359A82A83CCFA006B16A9 /* SignUpViewController.swift in Sources */ = {isa = PBXBuildFile; fileRef = D46359A72A83CCFA006B16A9 /* SignUpViewController.swift */; };
		D46359AA2A83D811006B16A9 /* LoginCoordinator.swift in Sources */ = {isa = PBXBuildFile; fileRef = D46359A92A83D811006B16A9 /* LoginCoordinator.swift */; };
		D46359AC2A83D8E7006B16A9 /* Coordinator.swift in Sources */ = {isa = PBXBuildFile; fileRef = D46359AB2A83D8E7006B16A9 /* Coordinator.swift */; };
		D46359AE2A83D9D1006B16A9 /* LoginPresenter.swift in Sources */ = {isa = PBXBuildFile; fileRef = D46359AD2A83D9D1006B16A9 /* LoginPresenter.swift */; };
		D46359B02A84174F006B16A9 /* LoginFactory.swift in Sources */ = {isa = PBXBuildFile; fileRef = D46359AF2A84174F006B16A9 /* LoginFactory.swift */; };
		D46359B22A84276C006B16A9 /* SignUpFactory.swift in Sources */ = {isa = PBXBuildFile; fileRef = D46359B12A84276C006B16A9 /* SignUpFactory.swift */; };
		D46359B42A84277B006B16A9 /* SignUpPresenter.swift in Sources */ = {isa = PBXBuildFile; fileRef = D46359B32A84277B006B16A9 /* SignUpPresenter.swift */; };
		D46359B62A8427E4006B16A9 /* SignUpCoordinator.swift in Sources */ = {isa = PBXBuildFile; fileRef = D46359B52A8427E4006B16A9 /* SignUpCoordinator.swift */; };
		D46359B82A843B5B006B16A9 /* NavigationController.swift in Sources */ = {isa = PBXBuildFile; fileRef = D46359B72A843B5B006B16A9 /* NavigationController.swift */; };
		D46359BA2A844669006B16A9 /* GoogleService-Info.plist in Resources */ = {isa = PBXBuildFile; fileRef = D46359B92A844669006B16A9 /* GoogleService-Info.plist */; };
		D46359BD2A8515EE006B16A9 /* AuthenticationService.swift in Sources */ = {isa = PBXBuildFile; fileRef = D46359BC2A8515EE006B16A9 /* AuthenticationService.swift */; };
		D46359C02A851897006B16A9 /* AuthenticationClientError.swift in Sources */ = {isa = PBXBuildFile; fileRef = D46359BF2A851897006B16A9 /* AuthenticationClientError.swift */; };
		D46359C22A8518B4006B16A9 /* AuthClientRequest.swift in Sources */ = {isa = PBXBuildFile; fileRef = D46359C12A8518B4006B16A9 /* AuthClientRequest.swift */; };
		D46359C42A8518CE006B16A9 /* AuthClientResponse.swift in Sources */ = {isa = PBXBuildFile; fileRef = D46359C32A8518CE006B16A9 /* AuthClientResponse.swift */; };
		D46359C62A8519FF006B16A9 /* SignUpRequest.swift in Sources */ = {isa = PBXBuildFile; fileRef = D46359C52A8519FF006B16A9 /* SignUpRequest.swift */; };
		D46359CA2A85A668006B16A9 /* ScreenLoadingView.swift in Sources */ = {isa = PBXBuildFile; fileRef = D46359C92A85A668006B16A9 /* ScreenLoadingView.swift */; };
		D46359CC2A85A720006B16A9 /* LoadingView.swift in Sources */ = {isa = PBXBuildFile; fileRef = D46359CB2A85A720006B16A9 /* LoadingView.swift */; };
		D46359CE2A85A7C0006B16A9 /* AlertView.swift in Sources */ = {isa = PBXBuildFile; fileRef = D46359CD2A85A7C0006B16A9 /* AlertView.swift */; };
		D46359D02A85A824006B16A9 /* AlertFactory.swift in Sources */ = {isa = PBXBuildFile; fileRef = D46359CF2A85A824006B16A9 /* AlertFactory.swift */; };
		D46359D22A85AD5E006B16A9 /* LoginRequest.swift in Sources */ = {isa = PBXBuildFile; fileRef = D46359D12A85AD5E006B16A9 /* LoginRequest.swift */; };
		D46359D52A85B92F006B16A9 /* MainTabBarCoordinator.swift in Sources */ = {isa = PBXBuildFile; fileRef = D46359D42A85B92F006B16A9 /* MainTabBarCoordinator.swift */; };
		D46359D92A85BC9F006B16A9 /* ConversationsViewController.swift in Sources */ = {isa = PBXBuildFile; fileRef = D46359D82A85BC9F006B16A9 /* ConversationsViewController.swift */; };
		D46359DB2A85BCD8006B16A9 /* ContactsViewController.swift in Sources */ = {isa = PBXBuildFile; fileRef = D46359DA2A85BCD8006B16A9 /* ContactsViewController.swift */; };
		D46359DD2A85BFE3006B16A9 /* MainTabBarController.swift in Sources */ = {isa = PBXBuildFile; fileRef = D46359DC2A85BFE3006B16A9 /* MainTabBarController.swift */; };
		D47FB2042A93E5030034E974 /* DocumentSnapshot+.swift in Sources */ = {isa = PBXBuildFile; fileRef = D47FB2032A93E5030034E974 /* DocumentSnapshot+.swift */; };
		D47FB2062A93F7FF0034E974 /* SettingsBusiness.swift in Sources */ = {isa = PBXBuildFile; fileRef = D47FB2052A93F7FF0034E974 /* SettingsBusiness.swift */; };
		D47FB2092A93F88A0034E974 /* UploadPictureError.swift in Sources */ = {isa = PBXBuildFile; fileRef = D47FB2082A93F88A0034E974 /* UploadPictureError.swift */; };
		D47FB20B2A969CE20034E974 /* ContactTableViewCell.swift in Sources */ = {isa = PBXBuildFile; fileRef = D47FB20A2A969CE20034E974 /* ContactTableViewCell.swift */; };
		D47FB20E2A96D74C0034E974 /* AddContactViewController.swift in Sources */ = {isa = PBXBuildFile; fileRef = D47FB20D2A96D74C0034E974 /* AddContactViewController.swift */; };
		D47FB2112A96E8E40034E974 /* ContactsPresenter.swift in Sources */ = {isa = PBXBuildFile; fileRef = D47FB2102A96E8E40034E974 /* ContactsPresenter.swift */; };
		D47FB2162A96E9720034E974 /* ContactsCoordinator.swift in Sources */ = {isa = PBXBuildFile; fileRef = D47FB2152A96E9720034E974 /* ContactsCoordinator.swift */; };
		D47FB2182A96E9CA0034E974 /* ContactsFactory.swift in Sources */ = {isa = PBXBuildFile; fileRef = D47FB2172A96E9CA0034E974 /* ContactsFactory.swift */; };
		D47FB21C2A9791740034E974 /* AddContactCoordinator.swift in Sources */ = {isa = PBXBuildFile; fileRef = D47FB21B2A9791740034E974 /* AddContactCoordinator.swift */; };
		D47FB21E2A9791B50034E974 /* AddContactFactory.swift in Sources */ = {isa = PBXBuildFile; fileRef = D47FB21D2A9791B50034E974 /* AddContactFactory.swift */; };
		D47FB2212A97921D0034E974 /* AddContactPresenter.swift in Sources */ = {isa = PBXBuildFile; fileRef = D47FB2202A97921D0034E974 /* AddContactPresenter.swift */; };
		D47FB2242A9965D20034E974 /* ContactService.swift in Sources */ = {isa = PBXBuildFile; fileRef = D47FB2232A9965D10034E974 /* ContactService.swift */; };
		D47FB2272A9E8DFC0034E974 /* ContactsBusiness.swift in Sources */ = {isa = PBXBuildFile; fileRef = D47FB2262A9E8DFC0034E974 /* ContactsBusiness.swift */; };
		D47FB2292A9E8E780034E974 /* AddNewContactError.swift in Sources */ = {isa = PBXBuildFile; fileRef = D47FB2282A9E8E780034E974 /* AddNewContactError.swift */; };
		D47FB22B2A9E8EF80034E974 /* ContactServiceError.swift in Sources */ = {isa = PBXBuildFile; fileRef = D47FB22A2A9E8EF80034E974 /* ContactServiceError.swift */; };
		D48DD5C62AA7C0DC00698BA9 /* ConversationViewController.swift in Sources */ = {isa = PBXBuildFile; fileRef = D48DD5C52AA7C0DC00698BA9 /* ConversationViewController.swift */; };
		D48DD5C92AA7C18E00698BA9 /* ConversationFactory.swift in Sources */ = {isa = PBXBuildFile; fileRef = D48DD5C82AA7C18E00698BA9 /* ConversationFactory.swift */; };
		D48DD5CC2AA7C1DD00698BA9 /* ConversationCoordinator.swift in Sources */ = {isa = PBXBuildFile; fileRef = D48DD5CB2AA7C1DD00698BA9 /* ConversationCoordinator.swift */; };
		D48DD5CF2AA7D1EC00698BA9 /* BottomBarInputMessageView.swift in Sources */ = {isa = PBXBuildFile; fileRef = D48DD5CE2AA7D1EC00698BA9 /* BottomBarInputMessageView.swift */; };
		E15AB683C1C15CC2836766AE /* Pods_WhatsAppClone.framework in Frameworks */ = {isa = PBXBuildFile; fileRef = 668CF919ABBE3A9E83141B9A /* Pods_WhatsAppClone.framework */; };
/* End PBXBuildFile section */

/* Begin PBXFileReference section */
		2B7A57F9B4910FE578FD83EB /* Pods-WhatsAppClone.debug.xcconfig */ = {isa = PBXFileReference; includeInIndex = 1; lastKnownFileType = text.xcconfig; name = "Pods-WhatsAppClone.debug.xcconfig"; path = "Target Support Files/Pods-WhatsAppClone/Pods-WhatsAppClone.debug.xcconfig"; sourceTree = "<group>"; };
		2F0D4B77DD6A4367904E4A1C /* Pods-WhatsAppClone.release.xcconfig */ = {isa = PBXFileReference; includeInIndex = 1; lastKnownFileType = text.xcconfig; name = "Pods-WhatsAppClone.release.xcconfig"; path = "Target Support Files/Pods-WhatsAppClone/Pods-WhatsAppClone.release.xcconfig"; sourceTree = "<group>"; };
		668CF919ABBE3A9E83141B9A /* Pods_WhatsAppClone.framework */ = {isa = PBXFileReference; explicitFileType = wrapper.framework; includeInIndex = 0; path = Pods_WhatsAppClone.framework; sourceTree = BUILT_PRODUCTS_DIR; };
		D406A3A32A82BC320044D13D /* WhatsAppClone.app */ = {isa = PBXFileReference; explicitFileType = wrapper.application; includeInIndex = 0; path = WhatsAppClone.app; sourceTree = BUILT_PRODUCTS_DIR; };
		D406A3A62A82BC320044D13D /* AppDelegate.swift */ = {isa = PBXFileReference; lastKnownFileType = sourcecode.swift; path = AppDelegate.swift; sourceTree = "<group>"; };
		D406A3A82A82BC320044D13D /* SceneDelegate.swift */ = {isa = PBXFileReference; lastKnownFileType = sourcecode.swift; path = SceneDelegate.swift; sourceTree = "<group>"; };
		D406A3AF2A82BC320044D13D /* Assets.xcassets */ = {isa = PBXFileReference; lastKnownFileType = folder.assetcatalog; path = Assets.xcassets; sourceTree = "<group>"; };
		D406A3B22A82BC320044D13D /* Base */ = {isa = PBXFileReference; lastKnownFileType = file.storyboard; name = Base; path = Base.lproj/LaunchScreen.storyboard; sourceTree = "<group>"; };
		D406A3B42A82BC320044D13D /* Info.plist */ = {isa = PBXFileReference; lastKnownFileType = text.plist.xml; path = Info.plist; sourceTree = "<group>"; };
		D406A3BC2A82C2610044D13D /* LoginViewController.swift */ = {isa = PBXFileReference; lastKnownFileType = sourcecode.swift; path = LoginViewController.swift; sourceTree = "<group>"; };
		D406A3C02A82C7890044D13D /* UIColor+.swift */ = {isa = PBXFileReference; lastKnownFileType = sourcecode.swift; path = "UIColor+.swift"; sourceTree = "<group>"; };
		D406A3C22A82C7A90044D13D /* Color.swift */ = {isa = PBXFileReference; lastKnownFileType = sourcecode.swift; path = Color.swift; sourceTree = "<group>"; };
		D406A3C52A82F3AB0044D13D /* ViewCode.swift */ = {isa = PBXFileReference; lastKnownFileType = sourcecode.swift; path = ViewCode.swift; sourceTree = "<group>"; };
		D406A3C72A82F4940044D13D /* View+.swift */ = {isa = PBXFileReference; lastKnownFileType = sourcecode.swift; path = "View+.swift"; sourceTree = "<group>"; };
		D406A3CA2A82F6920044D13D /* PrimaryTextField.swift */ = {isa = PBXFileReference; lastKnownFileType = sourcecode.swift; path = PrimaryTextField.swift; sourceTree = "<group>"; };
		D406A3CC2A82FD8D0044D13D /* PrimaryButton.swift */ = {isa = PBXFileReference; lastKnownFileType = sourcecode.swift; path = PrimaryButton.swift; sourceTree = "<group>"; };
		D406A3CE2A8304CC0044D13D /* TextButton.swift */ = {isa = PBXFileReference; fileEncoding = 4; lastKnownFileType = sourcecode.swift; path = TextButton.swift; sourceTree = "<group>"; };
		D422A08D2A8D527E00CFE3C5 /* SettingsViewController.swift */ = {isa = PBXFileReference; lastKnownFileType = sourcecode.swift; path = SettingsViewController.swift; sourceTree = "<group>"; };
		D422A0932A8D66BC00CFE3C5 /* LogUtils.swift */ = {isa = PBXFileReference; lastKnownFileType = sourcecode.swift; path = LogUtils.swift; sourceTree = "<group>"; };
		D422A0952A8E6CBB00CFE3C5 /* SettingsPresenter.swift */ = {isa = PBXFileReference; lastKnownFileType = sourcecode.swift; path = SettingsPresenter.swift; sourceTree = "<group>"; };
		D422A0972A8E6E7800CFE3C5 /* SettingsCoordinator.swift */ = {isa = PBXFileReference; lastKnownFileType = sourcecode.swift; path = SettingsCoordinator.swift; sourceTree = "<group>"; };
		D422A0992A8E6F5500CFE3C5 /* SettingsFactory.swift */ = {isa = PBXFileReference; lastKnownFileType = sourcecode.swift; path = SettingsFactory.swift; sourceTree = "<group>"; };
		D422A09C2A8EA2AA00CFE3C5 /* AuthenticationStateManager.swift */ = {isa = PBXFileReference; lastKnownFileType = sourcecode.swift; path = AuthenticationStateManager.swift; sourceTree = "<group>"; };
		D422A09F2A8EA42500CFE3C5 /* AutenticationClient.swift */ = {isa = PBXFileReference; lastKnownFileType = sourcecode.swift; path = AutenticationClient.swift; sourceTree = "<group>"; };
		D422A0A12A8EAA6E00CFE3C5 /* AuthModel.swift */ = {isa = PBXFileReference; fileEncoding = 4; lastKnownFileType = sourcecode.swift; path = AuthModel.swift; sourceTree = "<group>"; };
		D422A0A72A8EAC9400CFE3C5 /* FirebaseAuthenticationAdapter.swift */ = {isa = PBXFileReference; lastKnownFileType = sourcecode.swift; path = FirebaseAuthenticationAdapter.swift; sourceTree = "<group>"; };
		D422A0A92A8EB01900CFE3C5 /* AuthResponse.swift */ = {isa = PBXFileReference; lastKnownFileType = sourcecode.swift; path = AuthResponse.swift; sourceTree = "<group>"; };
		D422A0AB2A8EB08000CFE3C5 /* AuthenticationError.swift */ = {isa = PBXFileReference; lastKnownFileType = sourcecode.swift; path = AuthenticationError.swift; sourceTree = "<group>"; };
		D422A0AD2A8EB4B800CFE3C5 /* SignUpBusiness.swift */ = {isa = PBXFileReference; lastKnownFileType = sourcecode.swift; path = SignUpBusiness.swift; sourceTree = "<group>"; };
		D422A0BC2A8EBCF000CFE3C5 /* SignUpError.swift */ = {isa = PBXFileReference; lastKnownFileType = sourcecode.swift; path = SignUpError.swift; sourceTree = "<group>"; };
		D422A0BE2A8EBEB100CFE3C5 /* AuthListenerHandler.swift */ = {isa = PBXFileReference; lastKnownFileType = sourcecode.swift; path = AuthListenerHandler.swift; sourceTree = "<group>"; };
		D422A0C02A8EBEC100CFE3C5 /* FirebaseAuthListenerHandler.swift */ = {isa = PBXFileReference; lastKnownFileType = sourcecode.swift; path = FirebaseAuthListenerHandler.swift; sourceTree = "<group>"; };
		D422A0C22A8EC00200CFE3C5 /* UserAuthClient.swift */ = {isa = PBXFileReference; lastKnownFileType = sourcecode.swift; path = UserAuthClient.swift; sourceTree = "<group>"; };
		D422A0C42A8EC5AB00CFE3C5 /* MainTabBarFactory.swift */ = {isa = PBXFileReference; lastKnownFileType = sourcecode.swift; path = MainTabBarFactory.swift; sourceTree = "<group>"; };
		D422A0C82A8EFDD800CFE3C5 /* FirebaseFirestoreAdapter.swift */ = {isa = PBXFileReference; lastKnownFileType = sourcecode.swift; path = FirebaseFirestoreAdapter.swift; sourceTree = "<group>"; };
		D422A0CA2A8F009D00CFE3C5 /* Data+.swift */ = {isa = PBXFileReference; lastKnownFileType = sourcecode.swift; path = "Data+.swift"; sourceTree = "<group>"; };
		D422A0CC2A8F036700CFE3C5 /* DatabaseQuery.swift */ = {isa = PBXFileReference; lastKnownFileType = sourcecode.swift; path = DatabaseQuery.swift; sourceTree = "<group>"; };
		D422A0CE2A8F03C700CFE3C5 /* UserService.swift */ = {isa = PBXFileReference; lastKnownFileType = sourcecode.swift; path = UserService.swift; sourceTree = "<group>"; };
		D422A0D02A8F042100CFE3C5 /* DatabaseClientError.swift */ = {isa = PBXFileReference; fileEncoding = 4; lastKnownFileType = sourcecode.swift; path = DatabaseClientError.swift; sourceTree = "<group>"; };
		D422A0D22A8F04B700CFE3C5 /* UserModel.swift */ = {isa = PBXFileReference; fileEncoding = 4; lastKnownFileType = sourcecode.swift; path = UserModel.swift; sourceTree = "<group>"; };
		D422A0D42A8F04E200CFE3C5 /* UserServiceError.swift */ = {isa = PBXFileReference; lastKnownFileType = sourcecode.swift; path = UserServiceError.swift; sourceTree = "<group>"; };
		D422A0D62A8F05CA00CFE3C5 /* Model.swift */ = {isa = PBXFileReference; lastKnownFileType = sourcecode.swift; path = Model.swift; sourceTree = "<group>"; };
		D422A0D92A8FB5CA00CFE3C5 /* HeaderInfoView.swift */ = {isa = PBXFileReference; lastKnownFileType = sourcecode.swift; path = HeaderInfoView.swift; sourceTree = "<group>"; };
		D422A0DB2A8FBFFA00CFE3C5 /* LinesTextView.swift */ = {isa = PBXFileReference; lastKnownFileType = sourcecode.swift; path = LinesTextView.swift; sourceTree = "<group>"; };
		D422A0DE2A904AF900CFE3C5 /* ImagePickerManager.swift */ = {isa = PBXFileReference; lastKnownFileType = sourcecode.swift; path = ImagePickerManager.swift; sourceTree = "<group>"; };
		D422A0E22A915A5A00CFE3C5 /* UserSession.swift */ = {isa = PBXFileReference; lastKnownFileType = sourcecode.swift; path = UserSession.swift; sourceTree = "<group>"; };
		D422A0E42A916A2300CFE3C5 /* FirebaseStorageAdapter.swift */ = {isa = PBXFileReference; lastKnownFileType = sourcecode.swift; path = FirebaseStorageAdapter.swift; sourceTree = "<group>"; };
		D422A0E72A91720F00CFE3C5 /* ProfilePictureService.swift */ = {isa = PBXFileReference; lastKnownFileType = sourcecode.swift; path = ProfilePictureService.swift; sourceTree = "<group>"; };
		D46359A72A83CCFA006B16A9 /* SignUpViewController.swift */ = {isa = PBXFileReference; fileEncoding = 4; lastKnownFileType = sourcecode.swift; path = SignUpViewController.swift; sourceTree = "<group>"; };
		D46359A92A83D811006B16A9 /* LoginCoordinator.swift */ = {isa = PBXFileReference; lastKnownFileType = sourcecode.swift; path = LoginCoordinator.swift; sourceTree = "<group>"; };
		D46359AB2A83D8E7006B16A9 /* Coordinator.swift */ = {isa = PBXFileReference; lastKnownFileType = sourcecode.swift; path = Coordinator.swift; sourceTree = "<group>"; };
		D46359AD2A83D9D1006B16A9 /* LoginPresenter.swift */ = {isa = PBXFileReference; lastKnownFileType = sourcecode.swift; path = LoginPresenter.swift; sourceTree = "<group>"; };
		D46359AF2A84174F006B16A9 /* LoginFactory.swift */ = {isa = PBXFileReference; lastKnownFileType = sourcecode.swift; path = LoginFactory.swift; sourceTree = "<group>"; };
		D46359B12A84276C006B16A9 /* SignUpFactory.swift */ = {isa = PBXFileReference; fileEncoding = 4; lastKnownFileType = sourcecode.swift; path = SignUpFactory.swift; sourceTree = "<group>"; };
		D46359B32A84277B006B16A9 /* SignUpPresenter.swift */ = {isa = PBXFileReference; fileEncoding = 4; lastKnownFileType = sourcecode.swift; path = SignUpPresenter.swift; sourceTree = "<group>"; };
		D46359B52A8427E4006B16A9 /* SignUpCoordinator.swift */ = {isa = PBXFileReference; fileEncoding = 4; lastKnownFileType = sourcecode.swift; path = SignUpCoordinator.swift; sourceTree = "<group>"; };
		D46359B72A843B5B006B16A9 /* NavigationController.swift */ = {isa = PBXFileReference; lastKnownFileType = sourcecode.swift; path = NavigationController.swift; sourceTree = "<group>"; };
		D46359B92A844669006B16A9 /* GoogleService-Info.plist */ = {isa = PBXFileReference; fileEncoding = 4; lastKnownFileType = text.plist.xml; path = "GoogleService-Info.plist"; sourceTree = "<group>"; };
		D46359BC2A8515EE006B16A9 /* AuthenticationService.swift */ = {isa = PBXFileReference; lastKnownFileType = sourcecode.swift; path = AuthenticationService.swift; sourceTree = "<group>"; };
		D46359BF2A851897006B16A9 /* AuthenticationClientError.swift */ = {isa = PBXFileReference; lastKnownFileType = sourcecode.swift; path = AuthenticationClientError.swift; sourceTree = "<group>"; };
		D46359C12A8518B4006B16A9 /* AuthClientRequest.swift */ = {isa = PBXFileReference; lastKnownFileType = sourcecode.swift; path = AuthClientRequest.swift; sourceTree = "<group>"; };
		D46359C32A8518CE006B16A9 /* AuthClientResponse.swift */ = {isa = PBXFileReference; lastKnownFileType = sourcecode.swift; path = AuthClientResponse.swift; sourceTree = "<group>"; };
		D46359C52A8519FF006B16A9 /* SignUpRequest.swift */ = {isa = PBXFileReference; lastKnownFileType = sourcecode.swift; path = SignUpRequest.swift; sourceTree = "<group>"; };
		D46359C92A85A668006B16A9 /* ScreenLoadingView.swift */ = {isa = PBXFileReference; lastKnownFileType = sourcecode.swift; path = ScreenLoadingView.swift; sourceTree = "<group>"; };
		D46359CB2A85A720006B16A9 /* LoadingView.swift */ = {isa = PBXFileReference; lastKnownFileType = sourcecode.swift; path = LoadingView.swift; sourceTree = "<group>"; };
		D46359CD2A85A7C0006B16A9 /* AlertView.swift */ = {isa = PBXFileReference; lastKnownFileType = sourcecode.swift; path = AlertView.swift; sourceTree = "<group>"; };
		D46359CF2A85A824006B16A9 /* AlertFactory.swift */ = {isa = PBXFileReference; lastKnownFileType = sourcecode.swift; path = AlertFactory.swift; sourceTree = "<group>"; };
		D46359D12A85AD5E006B16A9 /* LoginRequest.swift */ = {isa = PBXFileReference; fileEncoding = 4; lastKnownFileType = sourcecode.swift; path = LoginRequest.swift; sourceTree = "<group>"; };
		D46359D42A85B92F006B16A9 /* MainTabBarCoordinator.swift */ = {isa = PBXFileReference; lastKnownFileType = sourcecode.swift; path = MainTabBarCoordinator.swift; sourceTree = "<group>"; };
		D46359D82A85BC9F006B16A9 /* ConversationsViewController.swift */ = {isa = PBXFileReference; lastKnownFileType = sourcecode.swift; path = ConversationsViewController.swift; sourceTree = "<group>"; };
		D46359DA2A85BCD8006B16A9 /* ContactsViewController.swift */ = {isa = PBXFileReference; lastKnownFileType = sourcecode.swift; path = ContactsViewController.swift; sourceTree = "<group>"; };
		D46359DC2A85BFE3006B16A9 /* MainTabBarController.swift */ = {isa = PBXFileReference; lastKnownFileType = sourcecode.swift; path = MainTabBarController.swift; sourceTree = "<group>"; };
		D47FB2032A93E5030034E974 /* DocumentSnapshot+.swift */ = {isa = PBXFileReference; lastKnownFileType = sourcecode.swift; path = "DocumentSnapshot+.swift"; sourceTree = "<group>"; };
		D47FB2052A93F7FF0034E974 /* SettingsBusiness.swift */ = {isa = PBXFileReference; lastKnownFileType = sourcecode.swift; path = SettingsBusiness.swift; sourceTree = "<group>"; };
		D47FB2082A93F88A0034E974 /* UploadPictureError.swift */ = {isa = PBXFileReference; lastKnownFileType = sourcecode.swift; path = UploadPictureError.swift; sourceTree = "<group>"; };
		D47FB20A2A969CE20034E974 /* ContactTableViewCell.swift */ = {isa = PBXFileReference; lastKnownFileType = sourcecode.swift; path = ContactTableViewCell.swift; sourceTree = "<group>"; };
		D47FB20D2A96D74C0034E974 /* AddContactViewController.swift */ = {isa = PBXFileReference; lastKnownFileType = sourcecode.swift; path = AddContactViewController.swift; sourceTree = "<group>"; };
		D47FB2102A96E8E40034E974 /* ContactsPresenter.swift */ = {isa = PBXFileReference; lastKnownFileType = sourcecode.swift; path = ContactsPresenter.swift; sourceTree = "<group>"; };
		D47FB2152A96E9720034E974 /* ContactsCoordinator.swift */ = {isa = PBXFileReference; lastKnownFileType = sourcecode.swift; path = ContactsCoordinator.swift; sourceTree = "<group>"; };
		D47FB2172A96E9CA0034E974 /* ContactsFactory.swift */ = {isa = PBXFileReference; lastKnownFileType = sourcecode.swift; path = ContactsFactory.swift; sourceTree = "<group>"; };
		D47FB21B2A9791740034E974 /* AddContactCoordinator.swift */ = {isa = PBXFileReference; lastKnownFileType = sourcecode.swift; path = AddContactCoordinator.swift; sourceTree = "<group>"; };
		D47FB21D2A9791B50034E974 /* AddContactFactory.swift */ = {isa = PBXFileReference; lastKnownFileType = sourcecode.swift; path = AddContactFactory.swift; sourceTree = "<group>"; };
		D47FB2202A97921D0034E974 /* AddContactPresenter.swift */ = {isa = PBXFileReference; lastKnownFileType = sourcecode.swift; path = AddContactPresenter.swift; sourceTree = "<group>"; };
		D47FB2232A9965D10034E974 /* ContactService.swift */ = {isa = PBXFileReference; lastKnownFileType = sourcecode.swift; path = ContactService.swift; sourceTree = "<group>"; };
		D47FB2262A9E8DFC0034E974 /* ContactsBusiness.swift */ = {isa = PBXFileReference; lastKnownFileType = sourcecode.swift; path = ContactsBusiness.swift; sourceTree = "<group>"; };
		D47FB2282A9E8E780034E974 /* AddNewContactError.swift */ = {isa = PBXFileReference; lastKnownFileType = sourcecode.swift; path = AddNewContactError.swift; sourceTree = "<group>"; };
		D47FB22A2A9E8EF80034E974 /* ContactServiceError.swift */ = {isa = PBXFileReference; lastKnownFileType = sourcecode.swift; path = ContactServiceError.swift; sourceTree = "<group>"; };
		D48DD5C52AA7C0DC00698BA9 /* ConversationViewController.swift */ = {isa = PBXFileReference; lastKnownFileType = sourcecode.swift; path = ConversationViewController.swift; sourceTree = "<group>"; };
		D48DD5C82AA7C18E00698BA9 /* ConversationFactory.swift */ = {isa = PBXFileReference; lastKnownFileType = sourcecode.swift; path = ConversationFactory.swift; sourceTree = "<group>"; };
		D48DD5CB2AA7C1DD00698BA9 /* ConversationCoordinator.swift */ = {isa = PBXFileReference; lastKnownFileType = sourcecode.swift; path = ConversationCoordinator.swift; sourceTree = "<group>"; };
		D48DD5CE2AA7D1EC00698BA9 /* BottomBarInputMessageView.swift */ = {isa = PBXFileReference; lastKnownFileType = sourcecode.swift; path = BottomBarInputMessageView.swift; sourceTree = "<group>"; };
/* End PBXFileReference section */

/* Begin PBXFrameworksBuildPhase section */
		D406A3A02A82BC320044D13D /* Frameworks */ = {
			isa = PBXFrameworksBuildPhase;
			buildActionMask = 2147483647;
			files = (
				E15AB683C1C15CC2836766AE /* Pods_WhatsAppClone.framework in Frameworks */,
			);
			runOnlyForDeploymentPostprocessing = 0;
		};
/* End PBXFrameworksBuildPhase section */

/* Begin PBXGroup section */
		2BC206AB93DFB5C60D7739F2 /* Pods */ = {
			isa = PBXGroup;
			children = (
				2B7A57F9B4910FE578FD83EB /* Pods-WhatsAppClone.debug.xcconfig */,
				2F0D4B77DD6A4367904E4A1C /* Pods-WhatsAppClone.release.xcconfig */,
			);
			path = Pods;
			sourceTree = "<group>";
		};
		D406A39A2A82BC310044D13D = {
			isa = PBXGroup;
			children = (
				D406A3A52A82BC320044D13D /* WhatsAppClone */,
				D406A3A42A82BC320044D13D /* Products */,
				2BC206AB93DFB5C60D7739F2 /* Pods */,
				FA327BB1AC7E303DB6C61EA9 /* Frameworks */,
			);
			sourceTree = "<group>";
		};
		D406A3A42A82BC320044D13D /* Products */ = {
			isa = PBXGroup;
			children = (
				D406A3A32A82BC320044D13D /* WhatsAppClone.app */,
			);
			name = Products;
			sourceTree = "<group>";
		};
		D406A3A52A82BC320044D13D /* WhatsAppClone */ = {
			isa = PBXGroup;
			children = (
				D422A0922A8D669F00CFE3C5 /* Utils */,
				D422A09E2A8EA3FD00CFE3C5 /* Infra */,
				D46359BB2A8515D3006B16A9 /* Services */,
				D422A0AF2A8EB99500CFE3C5 /* Business */,
				D422A0B02A8EB99E00CFE3C5 /* Presentation */,
				D406A3BA2A82C23D0044D13D /* UI */,
				D422A0B12A8EB9A800CFE3C5 /* Main */,
				D406A3A62A82BC320044D13D /* AppDelegate.swift */,
				D406A3A82A82BC320044D13D /* SceneDelegate.swift */,
				D406A3AF2A82BC320044D13D /* Assets.xcassets */,
				D406A3B12A82BC320044D13D /* LaunchScreen.storyboard */,
				D46359B92A844669006B16A9 /* GoogleService-Info.plist */,
				D406A3B42A82BC320044D13D /* Info.plist */,
			);
			path = WhatsAppClone;
			sourceTree = "<group>";
		};
		D406A3BA2A82C23D0044D13D /* UI */ = {
			isa = PBXGroup;
			children = (
				D422A0DD2A904AEB00CFE3C5 /* Managers */,
				D406A3C42A82F3A30044D13D /* Protocols */,
				D46359C72A851C7A006B16A9 /* Alert */,
				D406A3BE2A82C7720044D13D /* Helpers */,
				D406A3C92A82F6680044D13D /* Components */,
				D46359C82A85A636006B16A9 /* Screens */,
			);
			path = UI;
			sourceTree = "<group>";
		};
		D406A3BB2A82C2470044D13D /* Login */ = {
			isa = PBXGroup;
			children = (
				D406A3BC2A82C2610044D13D /* LoginViewController.swift */,
			);
			path = Login;
			sourceTree = "<group>";
		};
		D406A3BE2A82C7720044D13D /* Helpers */ = {
			isa = PBXGroup;
			children = (
				D406A3C02A82C7890044D13D /* UIColor+.swift */,
				D406A3C22A82C7A90044D13D /* Color.swift */,
				D406A3C72A82F4940044D13D /* View+.swift */,
			);
			path = Helpers;
			sourceTree = "<group>";
		};
		D406A3C42A82F3A30044D13D /* Protocols */ = {
			isa = PBXGroup;
			children = (
				D406A3C52A82F3AB0044D13D /* ViewCode.swift */,
				D46359CB2A85A720006B16A9 /* LoadingView.swift */,
				D46359CD2A85A7C0006B16A9 /* AlertView.swift */,
			);
			path = Protocols;
			sourceTree = "<group>";
		};
		D406A3C92A82F6680044D13D /* Components */ = {
			isa = PBXGroup;
			children = (
				D406A3CA2A82F6920044D13D /* PrimaryTextField.swift */,
				D406A3CC2A82FD8D0044D13D /* PrimaryButton.swift */,
				D406A3CE2A8304CC0044D13D /* TextButton.swift */,
				D46359B72A843B5B006B16A9 /* NavigationController.swift */,
				D46359C92A85A668006B16A9 /* ScreenLoadingView.swift */,
			);
			path = Components;
			sourceTree = "<group>";
		};
		D422A08C2A8D526400CFE3C5 /* Settings */ = {
			isa = PBXGroup;
			children = (
				D422A0E12A91538F00CFE3C5 /* Components */,
				D422A08D2A8D527E00CFE3C5 /* SettingsViewController.swift */,
			);
			path = Settings;
			sourceTree = "<group>";
		};
		D422A08F2A8D653800CFE3C5 /* AutenticationState */ = {
			isa = PBXGroup;
			children = (
				D422A09C2A8EA2AA00CFE3C5 /* AuthenticationStateManager.swift */,
			);
			path = AutenticationState;
			sourceTree = "<group>";
		};
		D422A0922A8D669F00CFE3C5 /* Utils */ = {
			isa = PBXGroup;
			children = (
				D422A0932A8D66BC00CFE3C5 /* LogUtils.swift */,
				D422A0CA2A8F009D00CFE3C5 /* Data+.swift */,
				D422A0D62A8F05CA00CFE3C5 /* Model.swift */,
				D422A0E22A915A5A00CFE3C5 /* UserSession.swift */,
			);
			path = Utils;
			sourceTree = "<group>";
		};
		D422A09B2A8EA29800CFE3C5 /* Managers */ = {
			isa = PBXGroup;
			children = (
				D422A08F2A8D653800CFE3C5 /* AutenticationState */,
			);
			path = Managers;
			sourceTree = "<group>";
		};
		D422A09E2A8EA3FD00CFE3C5 /* Infra */ = {
			isa = PBXGroup;
			children = (
				D422A0A32A8EAC6300CFE3C5 /* Protocol */,
				D422A0A52A8EAC7800CFE3C5 /* Enum */,
				D422A0A42A8EAC6F00CFE3C5 /* Model */,
				D422A0A62A8EAC8600CFE3C5 /* Firebase */,
			);
			path = Infra;
			sourceTree = "<group>";
		};
		D422A0A32A8EAC6300CFE3C5 /* Protocol */ = {
			isa = PBXGroup;
			children = (
				D422A09F2A8EA42500CFE3C5 /* AutenticationClient.swift */,
				D422A0BE2A8EBEB100CFE3C5 /* AuthListenerHandler.swift */,
			);
			path = Protocol;
			sourceTree = "<group>";
		};
		D422A0A42A8EAC6F00CFE3C5 /* Model */ = {
			isa = PBXGroup;
			children = (
				D46359C12A8518B4006B16A9 /* AuthClientRequest.swift */,
				D46359C32A8518CE006B16A9 /* AuthClientResponse.swift */,
				D422A0C22A8EC00200CFE3C5 /* UserAuthClient.swift */,
			);
			path = Model;
			sourceTree = "<group>";
		};
		D422A0A52A8EAC7800CFE3C5 /* Enum */ = {
			isa = PBXGroup;
			children = (
				D46359BF2A851897006B16A9 /* AuthenticationClientError.swift */,
				D422A0D02A8F042100CFE3C5 /* DatabaseClientError.swift */,
			);
			path = Enum;
			sourceTree = "<group>";
		};
		D422A0A62A8EAC8600CFE3C5 /* Firebase */ = {
			isa = PBXGroup;
			children = (
				D47FB2022A93E4F10034E974 /* Helpers */,
				D422A0E02A91510400CFE3C5 /* Storage */,
				D422A0C72A8EFDB900CFE3C5 /* Firestore */,
				D422A0C62A8EFDAD00CFE3C5 /* Autentication */,
			);
			path = Firebase;
			sourceTree = "<group>";
		};
		D422A0AF2A8EB99500CFE3C5 /* Business */ = {
			isa = PBXGroup;
			children = (
				D47FB2252A9E8DED0034E974 /* Contacts */,
				D47FB2072A93F8080034E974 /* Settings */,
				D422A0B62A8EBAAA00CFE3C5 /* SignUp */,
			);
			path = Business;
			sourceTree = "<group>";
		};
		D422A0B02A8EB99E00CFE3C5 /* Presentation */ = {
			isa = PBXGroup;
			children = (
				D422A0BA2A8EBB3400CFE3C5 /* Login */,
				D422A0B72A8EBAB900CFE3C5 /* SignUp */,
				D47FB2192A96ECCB0034E974 /* MainTabBar */,
			);
			path = Presentation;
			sourceTree = "<group>";
		};
		D422A0B12A8EB9A800CFE3C5 /* Main */ = {
			isa = PBXGroup;
			children = (
				D422A0BB2A8EBB8E00CFE3C5 /* Protocols */,
				D422A0B32A8EBA1500CFE3C5 /* Screens */,
			);
			path = Main;
			sourceTree = "<group>";
		};
		D422A0B22A8EB9C500CFE3C5 /* Settings */ = {
			isa = PBXGroup;
			children = (
				D422A0952A8E6CBB00CFE3C5 /* SettingsPresenter.swift */,
			);
			path = Settings;
			sourceTree = "<group>";
		};
		D422A0B32A8EBA1500CFE3C5 /* Screens */ = {
			isa = PBXGroup;
			children = (
				D422A0B92A8EBB1200CFE3C5 /* Login */,
				D422A0B82A8EBAC500CFE3C5 /* SignUp */,
				D48DD5C72AA7C17800698BA9 /* Conversation */,
				D422A0B52A8EBA5500CFE3C5 /* MainTabBar */,
			);
			path = Screens;
			sourceTree = "<group>";
		};
		D422A0B42A8EBA1B00CFE3C5 /* Settings */ = {
			isa = PBXGroup;
			children = (
				D422A0972A8E6E7800CFE3C5 /* SettingsCoordinator.swift */,
				D422A0992A8E6F5500CFE3C5 /* SettingsFactory.swift */,
			);
			path = Settings;
			sourceTree = "<group>";
		};
		D422A0B52A8EBA5500CFE3C5 /* MainTabBar */ = {
			isa = PBXGroup;
			children = (
				D47FB2142A96E9470034E974 /* Contacts */,
				D422A0B42A8EBA1B00CFE3C5 /* Settings */,
				D46359D42A85B92F006B16A9 /* MainTabBarCoordinator.swift */,
				D422A0C42A8EC5AB00CFE3C5 /* MainTabBarFactory.swift */,
			);
			path = MainTabBar;
			sourceTree = "<group>";
		};
		D422A0B62A8EBAAA00CFE3C5 /* SignUp */ = {
			isa = PBXGroup;
			children = (
				D46359C52A8519FF006B16A9 /* SignUpRequest.swift */,
				D422A0AD2A8EB4B800CFE3C5 /* SignUpBusiness.swift */,
				D422A0BC2A8EBCF000CFE3C5 /* SignUpError.swift */,
			);
			path = SignUp;
			sourceTree = "<group>";
		};
		D422A0B72A8EBAB900CFE3C5 /* SignUp */ = {
			isa = PBXGroup;
			children = (
				D46359B32A84277B006B16A9 /* SignUpPresenter.swift */,
			);
			path = SignUp;
			sourceTree = "<group>";
		};
		D422A0B82A8EBAC500CFE3C5 /* SignUp */ = {
			isa = PBXGroup;
			children = (
				D46359B12A84276C006B16A9 /* SignUpFactory.swift */,
				D46359B52A8427E4006B16A9 /* SignUpCoordinator.swift */,
			);
			path = SignUp;
			sourceTree = "<group>";
		};
		D422A0B92A8EBB1200CFE3C5 /* Login */ = {
			isa = PBXGroup;
			children = (
				D46359A92A83D811006B16A9 /* LoginCoordinator.swift */,
				D46359AF2A84174F006B16A9 /* LoginFactory.swift */,
			);
			path = Login;
			sourceTree = "<group>";
		};
		D422A0BA2A8EBB3400CFE3C5 /* Login */ = {
			isa = PBXGroup;
			children = (
				D46359D12A85AD5E006B16A9 /* LoginRequest.swift */,
				D46359AD2A83D9D1006B16A9 /* LoginPresenter.swift */,
			);
			path = Login;
			sourceTree = "<group>";
		};
		D422A0BB2A8EBB8E00CFE3C5 /* Protocols */ = {
			isa = PBXGroup;
			children = (
				D46359AB2A83D8E7006B16A9 /* Coordinator.swift */,
			);
			path = Protocols;
			sourceTree = "<group>";
		};
		D422A0C62A8EFDAD00CFE3C5 /* Autentication */ = {
			isa = PBXGroup;
			children = (
				D422A0A72A8EAC9400CFE3C5 /* FirebaseAuthenticationAdapter.swift */,
				D422A0C02A8EBEC100CFE3C5 /* FirebaseAuthListenerHandler.swift */,
			);
			path = Autentication;
			sourceTree = "<group>";
		};
		D422A0C72A8EFDB900CFE3C5 /* Firestore */ = {
			isa = PBXGroup;
			children = (
				D422A0C82A8EFDD800CFE3C5 /* FirebaseFirestoreAdapter.swift */,
				D422A0CC2A8F036700CFE3C5 /* DatabaseQuery.swift */,
			);
			path = Firestore;
			sourceTree = "<group>";
		};
		D422A0D82A8F067500CFE3C5 /* User */ = {
			isa = PBXGroup;
			children = (
				D422A0D22A8F04B700CFE3C5 /* UserModel.swift */,
				D422A0CE2A8F03C700CFE3C5 /* UserService.swift */,
				D422A0D42A8F04E200CFE3C5 /* UserServiceError.swift */,
			);
			path = User;
			sourceTree = "<group>";
		};
		D422A0DD2A904AEB00CFE3C5 /* Managers */ = {
			isa = PBXGroup;
			children = (
				D422A0DE2A904AF900CFE3C5 /* ImagePickerManager.swift */,
			);
			path = Managers;
			sourceTree = "<group>";
		};
		D422A0E02A91510400CFE3C5 /* Storage */ = {
			isa = PBXGroup;
			children = (
				D422A0E42A916A2300CFE3C5 /* FirebaseStorageAdapter.swift */,
			);
			path = Storage;
			sourceTree = "<group>";
		};
		D422A0E12A91538F00CFE3C5 /* Components */ = {
			isa = PBXGroup;
			children = (
				D422A0DB2A8FBFFA00CFE3C5 /* LinesTextView.swift */,
				D422A0D92A8FB5CA00CFE3C5 /* HeaderInfoView.swift */,
			);
			path = Components;
			sourceTree = "<group>";
		};
		D422A0E62A91720300CFE3C5 /* File */ = {
			isa = PBXGroup;
			children = (
				D422A0E72A91720F00CFE3C5 /* ProfilePictureService.swift */,
			);
			path = File;
			sourceTree = "<group>";
		};
		D46359A62A83CCEC006B16A9 /* SignUp */ = {
			isa = PBXGroup;
			children = (
				D46359A72A83CCFA006B16A9 /* SignUpViewController.swift */,
			);
			path = SignUp;
			sourceTree = "<group>";
		};
		D46359BB2A8515D3006B16A9 /* Services */ = {
			isa = PBXGroup;
			children = (
				D47FB2222A9965C20034E974 /* Contacts */,
				D422A09B2A8EA29800CFE3C5 /* Managers */,
				D422A0E62A91720300CFE3C5 /* File */,
				D422A0D82A8F067500CFE3C5 /* User */,
				D46359BE2A851888006B16A9 /* Autentication */,
			);
			path = Services;
			sourceTree = "<group>";
		};
		D46359BE2A851888006B16A9 /* Autentication */ = {
			isa = PBXGroup;
			children = (
				D422A0A12A8EAA6E00CFE3C5 /* AuthModel.swift */,
				D422A0AB2A8EB08000CFE3C5 /* AuthenticationError.swift */,
				D422A0A92A8EB01900CFE3C5 /* AuthResponse.swift */,
				D46359BC2A8515EE006B16A9 /* AuthenticationService.swift */,
			);
			path = Autentication;
			sourceTree = "<group>";
		};
		D46359C72A851C7A006B16A9 /* Alert */ = {
			isa = PBXGroup;
			children = (
				D46359CF2A85A824006B16A9 /* AlertFactory.swift */,
			);
			path = Alert;
			sourceTree = "<group>";
		};
		D46359C82A85A636006B16A9 /* Screens */ = {
			isa = PBXGroup;
			children = (
				D406A3BB2A82C2470044D13D /* Login */,
				D46359A62A83CCEC006B16A9 /* SignUp */,
				D48DD5C42AA7C0B900698BA9 /* Conversation */,
				D46359D32A85B921006B16A9 /* MainTabBar */,
			);
			path = Screens;
			sourceTree = "<group>";
		};
		D46359D32A85B921006B16A9 /* MainTabBar */ = {
			isa = PBXGroup;
			children = (
				D422A08C2A8D526400CFE3C5 /* Settings */,
				D46359D72A85B9D4006B16A9 /* Contacts */,
				D46359D62A85B9BD006B16A9 /* Conversations */,
				D46359DC2A85BFE3006B16A9 /* MainTabBarController.swift */,
			);
			path = MainTabBar;
			sourceTree = "<group>";
		};
		D46359D62A85B9BD006B16A9 /* Conversations */ = {
			isa = PBXGroup;
			children = (
				D46359D82A85BC9F006B16A9 /* ConversationsViewController.swift */,
			);
			path = Conversations;
			sourceTree = "<group>";
		};
		D46359D72A85B9D4006B16A9 /* Contacts */ = {
			isa = PBXGroup;
			children = (
				D47FB20C2A96D7270034E974 /* Add */,
				D46359DA2A85BCD8006B16A9 /* ContactsViewController.swift */,
				D47FB20A2A969CE20034E974 /* ContactTableViewCell.swift */,
			);
			path = Contacts;
			sourceTree = "<group>";
		};
		D47FB2022A93E4F10034E974 /* Helpers */ = {
			isa = PBXGroup;
			children = (
				D47FB2032A93E5030034E974 /* DocumentSnapshot+.swift */,
			);
			path = Helpers;
			sourceTree = "<group>";
		};
		D47FB2072A93F8080034E974 /* Settings */ = {
			isa = PBXGroup;
			children = (
				D47FB2052A93F7FF0034E974 /* SettingsBusiness.swift */,
				D47FB2082A93F88A0034E974 /* UploadPictureError.swift */,
			);
			path = Settings;
			sourceTree = "<group>";
		};
		D47FB20C2A96D7270034E974 /* Add */ = {
			isa = PBXGroup;
			children = (
				D47FB20D2A96D74C0034E974 /* AddContactViewController.swift */,
			);
			path = Add;
			sourceTree = "<group>";
		};
		D47FB20F2A96E8D70034E974 /* Contacts */ = {
			isa = PBXGroup;
			children = (
				D47FB21F2A9792110034E974 /* Add */,
				D47FB2102A96E8E40034E974 /* ContactsPresenter.swift */,
			);
			path = Contacts;
			sourceTree = "<group>";
		};
		D47FB2142A96E9470034E974 /* Contacts */ = {
			isa = PBXGroup;
			children = (
				D47FB21A2A97915C0034E974 /* Add */,
				D47FB2152A96E9720034E974 /* ContactsCoordinator.swift */,
				D47FB2172A96E9CA0034E974 /* ContactsFactory.swift */,
			);
			path = Contacts;
			sourceTree = "<group>";
		};
		D47FB2192A96ECCB0034E974 /* MainTabBar */ = {
			isa = PBXGroup;
			children = (
				D422A0B22A8EB9C500CFE3C5 /* Settings */,
				D47FB20F2A96E8D70034E974 /* Contacts */,
			);
			path = MainTabBar;
			sourceTree = "<group>";
		};
		D47FB21A2A97915C0034E974 /* Add */ = {
			isa = PBXGroup;
			children = (
				D47FB21B2A9791740034E974 /* AddContactCoordinator.swift */,
				D47FB21D2A9791B50034E974 /* AddContactFactory.swift */,
			);
			path = Add;
			sourceTree = "<group>";
		};
		D47FB21F2A9792110034E974 /* Add */ = {
			isa = PBXGroup;
			children = (
				D47FB2202A97921D0034E974 /* AddContactPresenter.swift */,
			);
			path = Add;
			sourceTree = "<group>";
		};
		D47FB2222A9965C20034E974 /* Contacts */ = {
			isa = PBXGroup;
			children = (
				D47FB2232A9965D10034E974 /* ContactService.swift */,
				D47FB22A2A9E8EF80034E974 /* ContactServiceError.swift */,
			);
			path = Contacts;
			sourceTree = "<group>";
		};
		D47FB2252A9E8DED0034E974 /* Contacts */ = {
			isa = PBXGroup;
			children = (
				D47FB2262A9E8DFC0034E974 /* ContactsBusiness.swift */,
				D47FB2282A9E8E780034E974 /* AddNewContactError.swift */,
			);
			path = Contacts;
			sourceTree = "<group>";
		};
		D48DD5C42AA7C0B900698BA9 /* Conversation */ = {
			isa = PBXGroup;
			children = (
				D48DD5CD2AA7D1E300698BA9 /* Components */,
				D48DD5C52AA7C0DC00698BA9 /* ConversationViewController.swift */,
			);
			path = Conversation;
			sourceTree = "<group>";
		};
		D48DD5C72AA7C17800698BA9 /* Conversation */ = {
			isa = PBXGroup;
			children = (
				D48DD5C82AA7C18E00698BA9 /* ConversationFactory.swift */,
				D48DD5CB2AA7C1DD00698BA9 /* ConversationCoordinator.swift */,
			);
			path = Conversation;
			sourceTree = "<group>";
		};
		D48DD5CD2AA7D1E300698BA9 /* Components */ = {
			isa = PBXGroup;
			children = (
				D48DD5CE2AA7D1EC00698BA9 /* BottomBarInputMessageView.swift */,
			);
			path = Components;
			sourceTree = "<group>";
		};
		FA327BB1AC7E303DB6C61EA9 /* Frameworks */ = {
			isa = PBXGroup;
			children = (
				668CF919ABBE3A9E83141B9A /* Pods_WhatsAppClone.framework */,
			);
			name = Frameworks;
			sourceTree = "<group>";
		};
/* End PBXGroup section */

/* Begin PBXNativeTarget section */
		D406A3A22A82BC320044D13D /* WhatsAppClone */ = {
			isa = PBXNativeTarget;
			buildConfigurationList = D406A3B72A82BC320044D13D /* Build configuration list for PBXNativeTarget "WhatsAppClone" */;
			buildPhases = (
				B38BD4D24AC70C6483B2AABD /* [CP] Check Pods Manifest.lock */,
				D406A39F2A82BC320044D13D /* Sources */,
				D406A3A02A82BC320044D13D /* Frameworks */,
				D406A3A12A82BC320044D13D /* Resources */,
				3AE5665884269CAFCA363309 /* [CP] Embed Pods Frameworks */,
			);
			buildRules = (
			);
			dependencies = (
			);
			name = WhatsAppClone;
			productName = WhatsAppClone;
			productReference = D406A3A32A82BC320044D13D /* WhatsAppClone.app */;
			productType = "com.apple.product-type.application";
		};
/* End PBXNativeTarget section */

/* Begin PBXProject section */
		D406A39B2A82BC310044D13D /* Project object */ = {
			isa = PBXProject;
			attributes = {
				BuildIndependentTargetsInParallel = 1;
				LastSwiftUpdateCheck = 1430;
				LastUpgradeCheck = 1430;
				TargetAttributes = {
					D406A3A22A82BC320044D13D = {
						CreatedOnToolsVersion = 14.3.1;
					};
				};
			};
			buildConfigurationList = D406A39E2A82BC310044D13D /* Build configuration list for PBXProject "WhatsAppClone" */;
			compatibilityVersion = "Xcode 14.0";
			developmentRegion = en;
			hasScannedForEncodings = 0;
			knownRegions = (
				en,
				Base,
			);
			mainGroup = D406A39A2A82BC310044D13D;
			productRefGroup = D406A3A42A82BC320044D13D /* Products */;
			projectDirPath = "";
			projectRoot = "";
			targets = (
				D406A3A22A82BC320044D13D /* WhatsAppClone */,
			);
		};
/* End PBXProject section */

/* Begin PBXResourcesBuildPhase section */
		D406A3A12A82BC320044D13D /* Resources */ = {
			isa = PBXResourcesBuildPhase;
			buildActionMask = 2147483647;
			files = (
				D406A3B32A82BC320044D13D /* LaunchScreen.storyboard in Resources */,
				D406A3B02A82BC320044D13D /* Assets.xcassets in Resources */,
				D46359BA2A844669006B16A9 /* GoogleService-Info.plist in Resources */,
			);
			runOnlyForDeploymentPostprocessing = 0;
		};
/* End PBXResourcesBuildPhase section */

/* Begin PBXShellScriptBuildPhase section */
		3AE5665884269CAFCA363309 /* [CP] Embed Pods Frameworks */ = {
			isa = PBXShellScriptBuildPhase;
			alwaysOutOfDate = 1;
			buildActionMask = 2147483647;
			files = (
			);
			inputFileListPaths = (
				"${PODS_ROOT}/Target Support Files/Pods-WhatsAppClone/Pods-WhatsAppClone-frameworks-${CONFIGURATION}-input-files.xcfilelist",
			);
			name = "[CP] Embed Pods Frameworks";
			outputFileListPaths = (
				"${PODS_ROOT}/Target Support Files/Pods-WhatsAppClone/Pods-WhatsAppClone-frameworks-${CONFIGURATION}-output-files.xcfilelist",
			);
			runOnlyForDeploymentPostprocessing = 0;
			shellPath = /bin/sh;
			shellScript = "\"${PODS_ROOT}/Target Support Files/Pods-WhatsAppClone/Pods-WhatsAppClone-frameworks.sh\"\n";
			showEnvVarsInLog = 0;
		};
		B38BD4D24AC70C6483B2AABD /* [CP] Check Pods Manifest.lock */ = {
			isa = PBXShellScriptBuildPhase;
			alwaysOutOfDate = 1;
			buildActionMask = 2147483647;
			files = (
			);
			inputFileListPaths = (
			);
			inputPaths = (
				"${PODS_PODFILE_DIR_PATH}/Podfile.lock",
				"${PODS_ROOT}/Manifest.lock",
			);
			name = "[CP] Check Pods Manifest.lock";
			outputFileListPaths = (
			);
			outputPaths = (
				"$(DERIVED_FILE_DIR)/Pods-WhatsAppClone-checkManifestLockResult.txt",
			);
			runOnlyForDeploymentPostprocessing = 0;
			shellPath = /bin/sh;
			shellScript = "diff \"${PODS_PODFILE_DIR_PATH}/Podfile.lock\" \"${PODS_ROOT}/Manifest.lock\" > /dev/null\nif [ $? != 0 ] ; then\n    # print error to STDERR\n    echo \"error: The sandbox is not in sync with the Podfile.lock. Run 'pod install' or update your CocoaPods installation.\" >&2\n    exit 1\nfi\n# This output is used by Xcode 'outputs' to avoid re-running this script phase.\necho \"SUCCESS\" > \"${SCRIPT_OUTPUT_FILE_0}\"\n";
			showEnvVarsInLog = 0;
		};
/* End PBXShellScriptBuildPhase section */

/* Begin PBXSourcesBuildPhase section */
		D406A39F2A82BC320044D13D /* Sources */ = {
			isa = PBXSourcesBuildPhase;
			buildActionMask = 2147483647;
			files = (
				D422A0AE2A8EB4B800CFE3C5 /* SignUpBusiness.swift in Sources */,
				D46359A82A83CCFA006B16A9 /* SignUpViewController.swift in Sources */,
				D422A0CF2A8F03C700CFE3C5 /* UserService.swift in Sources */,
				D422A0A22A8EAA6E00CFE3C5 /* AuthModel.swift in Sources */,
				D47FB2242A9965D20034E974 /* ContactService.swift in Sources */,
				D422A0CB2A8F009D00CFE3C5 /* Data+.swift in Sources */,
				D46359C22A8518B4006B16A9 /* AuthClientRequest.swift in Sources */,
				D422A0D12A8F042100CFE3C5 /* DatabaseClientError.swift in Sources */,
				D47FB2292A9E8E780034E974 /* AddNewContactError.swift in Sources */,
				D46359CE2A85A7C0006B16A9 /* AlertView.swift in Sources */,
				D46359DD2A85BFE3006B16A9 /* MainTabBarController.swift in Sources */,
				D46359B42A84277B006B16A9 /* SignUpPresenter.swift in Sources */,
				D422A0DF2A904AF900CFE3C5 /* ImagePickerManager.swift in Sources */,
				D422A09D2A8EA2AA00CFE3C5 /* AuthenticationStateManager.swift in Sources */,
				D406A3CD2A82FD8D0044D13D /* PrimaryButton.swift in Sources */,
				D46359AE2A83D9D1006B16A9 /* LoginPresenter.swift in Sources */,
				D46359C62A8519FF006B16A9 /* SignUpRequest.swift in Sources */,
				D422A0E52A916A2300CFE3C5 /* FirebaseStorageAdapter.swift in Sources */,
				D47FB20B2A969CE20034E974 /* ContactTableViewCell.swift in Sources */,
				D422A0BF2A8EBEB100CFE3C5 /* AuthListenerHandler.swift in Sources */,
				D422A0AC2A8EB08000CFE3C5 /* AuthenticationError.swift in Sources */,
				D46359AC2A83D8E7006B16A9 /* Coordinator.swift in Sources */,
				D406A3A72A82BC320044D13D /* AppDelegate.swift in Sources */,
				D422A0C52A8EC5AB00CFE3C5 /* MainTabBarFactory.swift in Sources */,
				D406A3C12A82C7890044D13D /* UIColor+.swift in Sources */,
				D422A0DA2A8FB5CA00CFE3C5 /* HeaderInfoView.swift in Sources */,
				D47FB2272A9E8DFC0034E974 /* ContactsBusiness.swift in Sources */,
				D46359C02A851897006B16A9 /* AuthenticationClientError.swift in Sources */,
				D422A0BD2A8EBCF000CFE3C5 /* SignUpError.swift in Sources */,
				D406A3A92A82BC320044D13D /* SceneDelegate.swift in Sources */,
				D422A0D52A8F04E200CFE3C5 /* UserServiceError.swift in Sources */,
				D47FB2042A93E5030034E974 /* DocumentSnapshot+.swift in Sources */,
				D422A0C92A8EFDD800CFE3C5 /* FirebaseFirestoreAdapter.swift in Sources */,
				D422A0D72A8F05CA00CFE3C5 /* Model.swift in Sources */,
				D46359CC2A85A720006B16A9 /* LoadingView.swift in Sources */,
				D46359D92A85BC9F006B16A9 /* ConversationsViewController.swift in Sources */,
				D422A0962A8E6CBB00CFE3C5 /* SettingsPresenter.swift in Sources */,
				D48DD5C92AA7C18E00698BA9 /* ConversationFactory.swift in Sources */,
				D46359B62A8427E4006B16A9 /* SignUpCoordinator.swift in Sources */,
				D47FB21E2A9791B50034E974 /* AddContactFactory.swift in Sources */,
				D406A3C32A82C7A90044D13D /* Color.swift in Sources */,
				D422A0A02A8EA42500CFE3C5 /* AutenticationClient.swift in Sources */,
				D422A0C12A8EBEC100CFE3C5 /* FirebaseAuthListenerHandler.swift in Sources */,
				D48DD5C62AA7C0DC00698BA9 /* ConversationViewController.swift in Sources */,
				D46359D52A85B92F006B16A9 /* MainTabBarCoordinator.swift in Sources */,
				D47FB21C2A9791740034E974 /* AddContactCoordinator.swift in Sources */,
				D47FB2062A93F7FF0034E974 /* SettingsBusiness.swift in Sources */,
				D46359AA2A83D811006B16A9 /* LoginCoordinator.swift in Sources */,
				D46359CA2A85A668006B16A9 /* ScreenLoadingView.swift in Sources */,
				D406A3C82A82F4940044D13D /* View+.swift in Sources */,
				D46359B82A843B5B006B16A9 /* NavigationController.swift in Sources */,
				D422A0A82A8EAC9400CFE3C5 /* FirebaseAuthenticationAdapter.swift in Sources */,
				D47FB2112A96E8E40034E974 /* ContactsPresenter.swift in Sources */,
				D422A0C32A8EC00200CFE3C5 /* UserAuthClient.swift in Sources */,
				D46359DB2A85BCD8006B16A9 /* ContactsViewController.swift in Sources */,
				D422A0942A8D66BC00CFE3C5 /* LogUtils.swift in Sources */,
				D47FB2092A93F88A0034E974 /* UploadPictureError.swift in Sources */,
				D48DD5CC2AA7C1DD00698BA9 /* ConversationCoordinator.swift in Sources */,
				D48DD5CF2AA7D1EC00698BA9 /* BottomBarInputMessageView.swift in Sources */,
				D47FB22B2A9E8EF80034E974 /* ContactServiceError.swift in Sources */,
				D422A0AA2A8EB01900CFE3C5 /* AuthResponse.swift in Sources */,
				D406A3CF2A8304CC0044D13D /* TextButton.swift in Sources */,
				D406A3BD2A82C2610044D13D /* LoginViewController.swift in Sources */,
				D46359B22A84276C006B16A9 /* SignUpFactory.swift in Sources */,
				D406A3CB2A82F6920044D13D /* PrimaryTextField.swift in Sources */,
				D422A0CD2A8F036700CFE3C5 /* DatabaseQuery.swift in Sources */,
				D406A3C62A82F3AB0044D13D /* ViewCode.swift in Sources */,
				D422A0E32A915A5A00CFE3C5 /* UserSession.swift in Sources */,
				D422A09A2A8E6F5500CFE3C5 /* SettingsFactory.swift in Sources */,
				D422A0982A8E6E7800CFE3C5 /* SettingsCoordinator.swift in Sources */,
				D46359B02A84174F006B16A9 /* LoginFactory.swift in Sources */,
				D422A0D32A8F04B700CFE3C5 /* UserModel.swift in Sources */,
				D47FB2162A96E9720034E974 /* ContactsCoordinator.swift in Sources */,
				D47FB2182A96E9CA0034E974 /* ContactsFactory.swift in Sources */,
				D422A08E2A8D527E00CFE3C5 /* SettingsViewController.swift in Sources */,
				D422A0DC2A8FBFFA00CFE3C5 /* LinesTextView.swift in Sources */,
				D47FB2212A97921D0034E974 /* AddContactPresenter.swift in Sources */,
				D46359D22A85AD5E006B16A9 /* LoginRequest.swift in Sources */,
				D46359D02A85A824006B16A9 /* AlertFactory.swift in Sources */,
				D422A0E82A91720F00CFE3C5 /* ProfilePictureService.swift in Sources */,
				D47FB20E2A96D74C0034E974 /* AddContactViewController.swift in Sources */,
				D46359C42A8518CE006B16A9 /* AuthClientResponse.swift in Sources */,
				D46359BD2A8515EE006B16A9 /* AuthenticationService.swift in Sources */,
			);
			runOnlyForDeploymentPostprocessing = 0;
		};
/* End PBXSourcesBuildPhase section */

/* Begin PBXVariantGroup section */
		D406A3B12A82BC320044D13D /* LaunchScreen.storyboard */ = {
			isa = PBXVariantGroup;
			children = (
				D406A3B22A82BC320044D13D /* Base */,
			);
			name = LaunchScreen.storyboard;
			sourceTree = "<group>";
		};
/* End PBXVariantGroup section */

/* Begin XCBuildConfiguration section */
		D406A3B52A82BC320044D13D /* Debug */ = {
			isa = XCBuildConfiguration;
			buildSettings = {
				ALWAYS_SEARCH_USER_PATHS = NO;
				CLANG_ANALYZER_NONNULL = YES;
				CLANG_ANALYZER_NUMBER_OBJECT_CONVERSION = YES_AGGRESSIVE;
				CLANG_CXX_LANGUAGE_STANDARD = "gnu++20";
				CLANG_ENABLE_MODULES = YES;
				CLANG_ENABLE_OBJC_ARC = YES;
				CLANG_ENABLE_OBJC_WEAK = YES;
				CLANG_WARN_BLOCK_CAPTURE_AUTORELEASING = YES;
				CLANG_WARN_BOOL_CONVERSION = YES;
				CLANG_WARN_COMMA = YES;
				CLANG_WARN_CONSTANT_CONVERSION = YES;
				CLANG_WARN_DEPRECATED_OBJC_IMPLEMENTATIONS = YES;
				CLANG_WARN_DIRECT_OBJC_ISA_USAGE = YES_ERROR;
				CLANG_WARN_DOCUMENTATION_COMMENTS = YES;
				CLANG_WARN_EMPTY_BODY = YES;
				CLANG_WARN_ENUM_CONVERSION = YES;
				CLANG_WARN_INFINITE_RECURSION = YES;
				CLANG_WARN_INT_CONVERSION = YES;
				CLANG_WARN_NON_LITERAL_NULL_CONVERSION = YES;
				CLANG_WARN_OBJC_IMPLICIT_RETAIN_SELF = YES;
				CLANG_WARN_OBJC_LITERAL_CONVERSION = YES;
				CLANG_WARN_OBJC_ROOT_CLASS = YES_ERROR;
				CLANG_WARN_QUOTED_INCLUDE_IN_FRAMEWORK_HEADER = YES;
				CLANG_WARN_RANGE_LOOP_ANALYSIS = YES;
				CLANG_WARN_STRICT_PROTOTYPES = YES;
				CLANG_WARN_SUSPICIOUS_MOVE = YES;
				CLANG_WARN_UNGUARDED_AVAILABILITY = YES_AGGRESSIVE;
				CLANG_WARN_UNREACHABLE_CODE = YES;
				CLANG_WARN__DUPLICATE_METHOD_MATCH = YES;
				COPY_PHASE_STRIP = NO;
				DEBUG_INFORMATION_FORMAT = dwarf;
				ENABLE_STRICT_OBJC_MSGSEND = YES;
				ENABLE_TESTABILITY = YES;
				GCC_C_LANGUAGE_STANDARD = gnu11;
				GCC_DYNAMIC_NO_PIC = NO;
				GCC_NO_COMMON_BLOCKS = YES;
				GCC_OPTIMIZATION_LEVEL = 0;
				GCC_PREPROCESSOR_DEFINITIONS = (
					"DEBUG=1",
					"$(inherited)",
				);
				GCC_WARN_64_TO_32_BIT_CONVERSION = YES;
				GCC_WARN_ABOUT_RETURN_TYPE = YES_ERROR;
				GCC_WARN_UNDECLARED_SELECTOR = YES;
				GCC_WARN_UNINITIALIZED_AUTOS = YES_AGGRESSIVE;
				GCC_WARN_UNUSED_FUNCTION = YES;
				GCC_WARN_UNUSED_VARIABLE = YES;
				IPHONEOS_DEPLOYMENT_TARGET = 16.4;
				MTL_ENABLE_DEBUG_INFO = INCLUDE_SOURCE;
				MTL_FAST_MATH = YES;
				ONLY_ACTIVE_ARCH = YES;
				SDKROOT = iphoneos;
				SWIFT_ACTIVE_COMPILATION_CONDITIONS = DEBUG;
				SWIFT_OPTIMIZATION_LEVEL = "-Onone";
			};
			name = Debug;
		};
		D406A3B62A82BC320044D13D /* Release */ = {
			isa = XCBuildConfiguration;
			buildSettings = {
				ALWAYS_SEARCH_USER_PATHS = NO;
				CLANG_ANALYZER_NONNULL = YES;
				CLANG_ANALYZER_NUMBER_OBJECT_CONVERSION = YES_AGGRESSIVE;
				CLANG_CXX_LANGUAGE_STANDARD = "gnu++20";
				CLANG_ENABLE_MODULES = YES;
				CLANG_ENABLE_OBJC_ARC = YES;
				CLANG_ENABLE_OBJC_WEAK = YES;
				CLANG_WARN_BLOCK_CAPTURE_AUTORELEASING = YES;
				CLANG_WARN_BOOL_CONVERSION = YES;
				CLANG_WARN_COMMA = YES;
				CLANG_WARN_CONSTANT_CONVERSION = YES;
				CLANG_WARN_DEPRECATED_OBJC_IMPLEMENTATIONS = YES;
				CLANG_WARN_DIRECT_OBJC_ISA_USAGE = YES_ERROR;
				CLANG_WARN_DOCUMENTATION_COMMENTS = YES;
				CLANG_WARN_EMPTY_BODY = YES;
				CLANG_WARN_ENUM_CONVERSION = YES;
				CLANG_WARN_INFINITE_RECURSION = YES;
				CLANG_WARN_INT_CONVERSION = YES;
				CLANG_WARN_NON_LITERAL_NULL_CONVERSION = YES;
				CLANG_WARN_OBJC_IMPLICIT_RETAIN_SELF = YES;
				CLANG_WARN_OBJC_LITERAL_CONVERSION = YES;
				CLANG_WARN_OBJC_ROOT_CLASS = YES_ERROR;
				CLANG_WARN_QUOTED_INCLUDE_IN_FRAMEWORK_HEADER = YES;
				CLANG_WARN_RANGE_LOOP_ANALYSIS = YES;
				CLANG_WARN_STRICT_PROTOTYPES = YES;
				CLANG_WARN_SUSPICIOUS_MOVE = YES;
				CLANG_WARN_UNGUARDED_AVAILABILITY = YES_AGGRESSIVE;
				CLANG_WARN_UNREACHABLE_CODE = YES;
				CLANG_WARN__DUPLICATE_METHOD_MATCH = YES;
				COPY_PHASE_STRIP = NO;
				DEBUG_INFORMATION_FORMAT = "dwarf-with-dsym";
				ENABLE_NS_ASSERTIONS = NO;
				ENABLE_STRICT_OBJC_MSGSEND = YES;
				GCC_C_LANGUAGE_STANDARD = gnu11;
				GCC_NO_COMMON_BLOCKS = YES;
				GCC_WARN_64_TO_32_BIT_CONVERSION = YES;
				GCC_WARN_ABOUT_RETURN_TYPE = YES_ERROR;
				GCC_WARN_UNDECLARED_SELECTOR = YES;
				GCC_WARN_UNINITIALIZED_AUTOS = YES_AGGRESSIVE;
				GCC_WARN_UNUSED_FUNCTION = YES;
				GCC_WARN_UNUSED_VARIABLE = YES;
				IPHONEOS_DEPLOYMENT_TARGET = 16.4;
				MTL_ENABLE_DEBUG_INFO = NO;
				MTL_FAST_MATH = YES;
				SDKROOT = iphoneos;
				SWIFT_COMPILATION_MODE = wholemodule;
				SWIFT_OPTIMIZATION_LEVEL = "-O";
				VALIDATE_PRODUCT = YES;
			};
			name = Release;
		};
		D406A3B82A82BC320044D13D /* Debug */ = {
			isa = XCBuildConfiguration;
			baseConfigurationReference = 2B7A57F9B4910FE578FD83EB /* Pods-WhatsAppClone.debug.xcconfig */;
			buildSettings = {
				ASSETCATALOG_COMPILER_APPICON_NAME = AppIcon;
				ASSETCATALOG_COMPILER_GLOBAL_ACCENT_COLOR_NAME = AccentColor;
				CODE_SIGN_STYLE = Automatic;
				CURRENT_PROJECT_VERSION = 1;
				DEVELOPMENT_TEAM = FU8K79FY9Z;
				GENERATE_INFOPLIST_FILE = YES;
				INFOPLIST_FILE = WhatsAppClone/Info.plist;
				INFOPLIST_KEY_UIApplicationSupportsIndirectInputEvents = YES;
				INFOPLIST_KEY_UILaunchStoryboardName = LaunchScreen;
				INFOPLIST_KEY_UIStatusBarStyle = "";
				INFOPLIST_KEY_UISupportedInterfaceOrientations_iPad = "UIInterfaceOrientationPortrait UIInterfaceOrientationPortraitUpsideDown UIInterfaceOrientationLandscapeLeft UIInterfaceOrientationLandscapeRight";
				INFOPLIST_KEY_UISupportedInterfaceOrientations_iPhone = "UIInterfaceOrientationPortrait UIInterfaceOrientationLandscapeLeft UIInterfaceOrientationLandscapeRight";
				IPHONEOS_DEPLOYMENT_TARGET = 13.0;
				LD_RUNPATH_SEARCH_PATHS = (
					"$(inherited)",
					"@executable_path/Frameworks",
				);
				MARKETING_VERSION = 1.0;
				PRODUCT_BUNDLE_IDENTIFIER = com.br.curso.ios.WhatsAppClone;
				PRODUCT_NAME = "$(TARGET_NAME)";
				SWIFT_EMIT_LOC_STRINGS = YES;
				SWIFT_VERSION = 5.0;
				TARGETED_DEVICE_FAMILY = "1,2";
			};
			name = Debug;
		};
		D406A3B92A82BC320044D13D /* Release */ = {
			isa = XCBuildConfiguration;
			baseConfigurationReference = 2F0D4B77DD6A4367904E4A1C /* Pods-WhatsAppClone.release.xcconfig */;
			buildSettings = {
				ASSETCATALOG_COMPILER_APPICON_NAME = AppIcon;
				ASSETCATALOG_COMPILER_GLOBAL_ACCENT_COLOR_NAME = AccentColor;
				CODE_SIGN_STYLE = Automatic;
				CURRENT_PROJECT_VERSION = 1;
				DEVELOPMENT_TEAM = FU8K79FY9Z;
				GENERATE_INFOPLIST_FILE = YES;
				INFOPLIST_FILE = WhatsAppClone/Info.plist;
				INFOPLIST_KEY_UIApplicationSupportsIndirectInputEvents = YES;
				INFOPLIST_KEY_UILaunchStoryboardName = LaunchScreen;
				INFOPLIST_KEY_UIStatusBarStyle = "";
				INFOPLIST_KEY_UISupportedInterfaceOrientations_iPad = "UIInterfaceOrientationPortrait UIInterfaceOrientationPortraitUpsideDown UIInterfaceOrientationLandscapeLeft UIInterfaceOrientationLandscapeRight";
				INFOPLIST_KEY_UISupportedInterfaceOrientations_iPhone = "UIInterfaceOrientationPortrait UIInterfaceOrientationLandscapeLeft UIInterfaceOrientationLandscapeRight";
				IPHONEOS_DEPLOYMENT_TARGET = 13.0;
				LD_RUNPATH_SEARCH_PATHS = (
					"$(inherited)",
					"@executable_path/Frameworks",
				);
				MARKETING_VERSION = 1.0;
				PRODUCT_BUNDLE_IDENTIFIER = com.br.curso.ios.WhatsAppClone;
				PRODUCT_NAME = "$(TARGET_NAME)";
				SWIFT_EMIT_LOC_STRINGS = YES;
				SWIFT_VERSION = 5.0;
				TARGETED_DEVICE_FAMILY = "1,2";
			};
			name = Release;
		};
/* End XCBuildConfiguration section */

/* Begin XCConfigurationList section */
		D406A39E2A82BC310044D13D /* Build configuration list for PBXProject "WhatsAppClone" */ = {
			isa = XCConfigurationList;
			buildConfigurations = (
				D406A3B52A82BC320044D13D /* Debug */,
				D406A3B62A82BC320044D13D /* Release */,
			);
			defaultConfigurationIsVisible = 0;
			defaultConfigurationName = Release;
		};
		D406A3B72A82BC320044D13D /* Build configuration list for PBXNativeTarget "WhatsAppClone" */ = {
			isa = XCConfigurationList;
			buildConfigurations = (
				D406A3B82A82BC320044D13D /* Debug */,
				D406A3B92A82BC320044D13D /* Release */,
			);
			defaultConfigurationIsVisible = 0;
			defaultConfigurationName = Release;
		};
/* End XCConfigurationList section */
	};
	rootObject = D406A39B2A82BC310044D13D /* Project object */;
}
